
Microsoft Visual Studio Solution File, Format Version 12.00
# Visual Studio Version 16
VisualStudioVersion = 16.0.31112.23
MinimumVisualStudioVersion = 10.0.40219.1
Project("{FAE04EC0-301F-11D3-BF4B-00C04F79EFBC}") = "AdvertCreator", "AdvertCreator\AdvertCreator.csproj", "{53A0F28E-B77C-443D-A60A-8A843D08D7A7}"
EndProject
Global
	GlobalSection(SolutionConfigurationPlatforms) = preSolution
		Debug|Any CPU = Debug|Any CPU
		Release|Any CPU = Release|Any CPU
	EndGlobalSection
	GlobalSection(ProjectConfigurationPlatforms) = postSolution
		{53A0F28E-B77C-443D-A60A-8A843D08D7A7}.Debug|Any CPU.ActiveCfg = Debug|Any CPU
		{53A0F28E-B77C-443D-A60A-8A843D08D7A7}.Debug|Any CPU.Build.0 = Debug|Any CPU
		{53A0F28E-B77C-443D-A60A-8A843D08D7A7}.Release|Any CPU.ActiveCfg = Release|Any CPU
		{53A0F28E-B77C-443D-A60A-8A843D08D7A7}.Release|Any CPU.Build.0 = Release|Any CPU
	EndGlobalSection
	GlobalSection(SolutionProperties) = preSolution
		HideSolutionNode = FALSE
	EndGlobalSection
	GlobalSection(ExtensibilityGlobals) = postSolution
		SolutionGuid = {69D07876-C460-4E39-A78B-83716309EFD7}
	EndGlobalSection
EndGlobal
